
Microsoft Visual Studio Solution File, Format Version 12.00
# Visual Studio Version 17
VisualStudioVersion = 17.5.33414.496
MinimumVisualStudioVersion = 10.0.40219.1
Project("{FAE04EC0-301F-11D3-BF4B-00C04F79EFBC}") = "YouTubeDownloadApp", "YouTubeDownloadApp.csproj", "{BE9BA279-03A9-46C8-9D67-6BC878631CF8}"
EndProject
Global
	GlobalSection(SolutionConfigurationPlatforms) = preSolution
		Debug|Any CPU = Debug|Any CPU
		Release|Any CPU = Release|Any CPU
	EndGlobalSection
	GlobalSection(ProjectConfigurationPlatforms) = postSolution
		{BE9BA279-03A9-46C8-9D67-6BC878631CF8}.Debug|Any CPU.ActiveCfg = Debug|Any CPU
		{BE9BA279-03A9-46C8-9D67-6BC878631CF8}.Debug|Any CPU.Build.0 = Debug|Any CPU
		{BE9BA279-03A9-46C8-9D67-6BC878631CF8}.Release|Any CPU.ActiveCfg = Release|Any CPU
		{BE9BA279-03A9-46C8-9D67-6BC878631CF8}.Release|Any CPU.Build.0 = Release|Any CPU
	EndGlobalSection
	GlobalSection(SolutionProperties) = preSolution
		HideSolutionNode = FALSE
	EndGlobalSection
	GlobalSection(ExtensibilityGlobals) = postSolution
		SolutionGuid = {709CE31B-552F-4C22-9C5D-4CAECFD04203}
	EndGlobalSection
EndGlobal
